hash: da965b662f2257339848f83890eaaeb21a7c61957ac40e5914fe6de6e5c38222
updated: 2017-11-29T03:35:51.860700636Z
imports:
- name: github.com/corpix/pool
  version: 2396288b6b816f5330c0b92798177655e2509d06
- name: github.com/corpix/time
  version: 9adb218ff5319d3f3e3d5a44fe0cb5d4880762f4
testImports:
- name: github.com/davecgh/go-spew
  version: 04cdfd42973bb9c8589fd6a731800cf222fde1a9
  subpackages:
  - spew
- name: github.com/pmezard/go-difflib
  version: d8ed2627bdf02c080bf22230dbb337003b7aba2d
  subpackages:
  - difflib
- name: github.com/stretchr/testify
  version: 2aa2c176b9dab406a6970f6a55f513e8a8c8b18f
  subpackages:
  - assert
