# This file is autogenerated, do not edit; changes may be undone by the next 'dep ensure'.


[[projects]]
  branch = "master"
  name = "github.com/corpix/pool"
  packages = ["."]
  revision = "2396288b6b816f5330c0b92798177655e2509d06"

[[projects]]
  branch = "master"
  name = "github.com/corpix/time"
  packages = ["."]
  revision = "9adb218ff5319d3f3e3d5a44fe0cb5d4880762f4"

[[projects]]
  name = "github.com/davecgh/go-spew"
  packages = ["spew"]
  revision = "04cdfd42973bb9c8589fd6a731800cf222fde1a9"

[[projects]]
  name = "github.com/pmezard/go-difflib"
  packages = ["difflib"]
  revision = "d8ed2627bdf02c080bf22230dbb337003b7aba2d"

[[projects]]
  name = "github.com/stretchr/testify"
  packages = ["assert"]
  revision = "2aa2c176b9dab406a6970f6a55f513e8a8c8b18f"

[solve-meta]
  analyzer-name = "dep"
  analyzer-version = 1
  inputs-digest = "047767add8eb0df6cfe275e625cea9fd7b01dfaa6db7fa02cf0dfe0602528cd7"
  solver-name = "gps-cdcl"
  solver-version = 1
